// !$*UTF8*$!
{
	archiveVersion = 1;
	classes = {
	};
	objectVersion = 77;
	objects = {

/* Begin PBXBuildFile section */
		EE00000000000000000000A3 /* GRDB in Frameworks */ = {isa = PBXBuildFile; productRef = EE00000000000000000000A2 /* GRDB */; };
		EE00000000000000000000B8 /* GitaWidgetExtension.appex in Embed Foundation Extensions */ = {isa = PBXBuildFile; fileRef = EE00000000000000000000B2 /* GitaWidgetExtension.appex */; settings = {ATTRIBUTES = (RemoveHeadersOnCopy, ); }; };
		EE00000000000000000000C3 /* DailyVerse.swift in Sources */ = {isa = PBXBuildFile; fileRef = EE00000000000000000000C1 /* DailyVerse.swift */; };
		EE00000000000000000000C4 /* SharedVerses.swift in Sources */ = {isa = PBXBuildFile; fileRef = EE00000000000000000000C2 /* SharedVerses.swift */; };
/* End PBXBuildFile section */

/* Begin PBXContainerItemProxy section */
		EE00000000000000000000BA /* PBXContainerItemProxy */ = {
			isa = PBXContainerItemProxy;
			containerPortal = EE86B0B7302758DE0093E936 /* Project object */;
			proxyType = 1;
			remoteGlobalIDString = EE00000000000000000000B1;
			remoteInfo = GitaWidgetExtension;
		};
		EE86B0CD302758DF0093E936 /* PBXContainerItemProxy */ = {
			isa = PBXContainerItemProxy;
			containerPortal = EE86B0B7302758DE0093E936 /* Project object */;
			proxyType = 1;
			remoteGlobalIDString = EE86B0BE302758DE0093E936;
			remoteInfo = Gita;
		};
		EE86B0D7302758DF0093E936 /* PBXContainerItemProxy */ = {
			isa = PBXContainerItemProxy;
			containerPortal = EE86B0B7302758DE0093E936 /* Project object */;
			proxyType = 1;
			remoteGlobalIDString = EE86B0BE302758DE0093E936;
			remoteInfo = Gita;
		};
/* End PBXContainerItemProxy section */

/* Begin PBXCopyFilesBuildPhase section */
		EE00000000000000000000B7 /* Embed Foundation Extensions */ = {
			isa = PBXCopyFilesBuildPhase;
			buildActionMask = 2147483647;
			dstPath = "";
			dstSubfolderSpec = 13;
			files = (
				EE00000000000000000000B8 /* GitaWidgetExtension.appex in Embed Foundation Extensions */,
			);
			name = "Embed Foundation Extensions";
			runOnlyForDeploymentPostprocessing = 0;
		};
/* End PBXCopyFilesBuildPhase section */

/* Begin PBXFileReference section */
		EE00000000000000000000B2 /* GitaWidgetExtension.appex */ = {isa = PBXFileReference; explicitFileType = "wrapper.app-extension"; includeInIndex = 0; path = GitaWidgetExtension.appex; sourceTree = BUILT_PRODUCTS_DIR; };
		EE86B0BF302758DE0093E936 /* Gita.app */ = {isa = PBXFileReference; explicitFileType = wrapper.application; includeInIndex = 0; path = Gita.app; sourceTree = BUILT_PRODUCTS_DIR; };
		EE86B0CC302758DF0093E936 /* GitaTests.xctest */ = {isa = PBXFileReference; explicitFileType = wrapper.cfbundle; includeInIndex = 0; path = GitaTests.xctest; sourceTree = BUILT_PRODUCTS_DIR; };
		EE86B0D6302758DF0093E936 /* GitaUITests.xctest */ = {isa = PBXFileReference; explicitFileType = wrapper.cfbundle; includeInIndex = 0; path = GitaUITests.xctest; sourceTree = BUILT_PRODUCTS_DIR; };
		EE00000000000000000000C1 /* DailyVerse.swift */ = {isa = PBXFileReference; lastKnownFileType = sourcecode.swift; name = DailyVerse.swift; path = Gita/Core/Daily/DailyVerse.swift; sourceTree = "<group>"; };
		EE00000000000000000000C2 /* SharedVerses.swift */ = {isa = PBXFileReference; lastKnownFileType = sourcecode.swift; name = SharedVerses.swift; path = Gita/Core/Widget/SharedVerses.swift; sourceTree = "<group>"; };
/* End PBXFileReference section */

/* Begin PBXFileSystemSynchronizedRootGroup section */
		EE00000000000000000000B3 /* GitaWidget */ = {
			isa = PBXFileSystemSynchronizedRootGroup;
			path = GitaWidget;
			sourceTree = "<group>";
		};
		EE86B0C1302758DE0093E936 /* Gita */ = {
			isa = PBXFileSystemSynchronizedRootGroup;
			path = Gita;
			sourceTree = "<group>";
		};
		EE86B0CF302758DF0093E936 /* GitaTests */ = {
			isa = PBXFileSystemSynchronizedRootGroup;
			path = GitaTests;
			sourceTree = "<group>";
		};
		EE86B0D9302758DF0093E936 /* GitaUITests */ = {
			isa = PBXFileSystemSynchronizedRootGroup;
			path = GitaUITests;
			sourceTree = "<group>";
		};
/* End PBXFileSystemSynchronizedRootGroup section */

/* Begin PBXFrameworksBuildPhase section */
		EE00000000000000000000B5 /* Frameworks */ = {
			isa = PBXFrameworksBuildPhase;
			buildActionMask = 2147483647;
			files = (
			);
			runOnlyForDeploymentPostprocessing = 0;
		};
		EE86B0BC302758DE0093E936 /* Frameworks */ = {
			isa = PBXFrameworksBuildPhase;
			buildActionMask = 2147483647;
			files = (
				EE00000000000000000000A3 /* GRDB in Frameworks */,
			);
			runOnlyForDeploymentPostprocessing = 0;
		};
		EE86B0C9302758DF0093E936 /* Frameworks */ = {
			isa = PBXFrameworksBuildPhase;
			buildActionMask = 2147483647;
			files = (
			);
			runOnlyForDeploymentPostprocessing = 0;
		};
		EE86B0D3302758DF0093E936 /* Frameworks */ = {
			isa = PBXFrameworksBuildPhase;
			buildActionMask = 2147483647;
			files = (
			);
			runOnlyForDeploymentPostprocessing = 0;
		};
/* End PBXFrameworksBuildPhase section */

/* Begin PBXGroup section */
		EE86B0B6302758DE0093E936 = {
			isa = PBXGroup;
			children = (
				EE86B0C1302758DE0093E936 /* Gita */,
				EE86B0CF302758DF0093E936 /* GitaTests */,
				EE86B0D9302758DF0093E936 /* GitaUITests */,
				EE00000000000000000000B3 /* GitaWidget */,
				EE86B0C0302758DE0093E936 /* Products */,
			);
			sourceTree = "<group>";
		};
		EE86B0C0302758DE0093E936 /* Products */ = {
			isa = PBXGroup;
			children = (
				EE86B0BF302758DE0093E936 /* Gita.app */,
				EE86B0CC302758DF0093E936 /* GitaTests.xctest */,
				EE86B0D6302758DF0093E936 /* GitaUITests.xctest */,
				EE00000000000000000000B2 /* GitaWidgetExtension.appex */,
			);
			name = Products;
			sourceTree = "<group>";
		};
/* End PBXGroup section */

/* Begin PBXNativeTarget section */
		EE00000000000000000000B1 /* GitaWidgetExtension */ = {
			isa = PBXNativeTarget;
			buildConfigurationList = EE00000000000000000000BB /* Build configuration list for PBXNativeTarget "GitaWidgetExtension" */;
			buildPhases = (
				EE00000000000000000000B4 /* Sources */,
				EE00000000000000000000B5 /* Frameworks */,
				EE00000000000000000000B6 /* Resources */,
			);
			buildRules = (
			);
			dependencies = (
			);
			fileSystemSynchronizedGroups = (
				EE00000000000000000000B3 /* GitaWidget */,
			);
			name = GitaWidgetExtension;
			packageProductDependencies = (
			);
			productName = GitaWidgetExtension;
			productReference = EE00000000000000000000B2 /* GitaWidgetExtension.appex */;
			productType = "com.apple.product-type.app-extension";
		};
		EE86B0BE302758DE0093E936 /* Gita */ = {
			isa = PBXNativeTarget;
			buildConfigurationList = EE86B0E0302758DF0093E936 /* Build configuration list for PBXNativeTarget "Gita" */;
			buildPhases = (
				EE86B0BB302758DE0093E936 /* Sources */,
				EE86B0BC302758DE0093E936 /* Frameworks */,
				EE86B0BD302758DE0093E936 /* Resources */,
				EE00000000000000000000B7 /* Embed Foundation Extensions */,
			);
			buildRules = (
			);
			dependencies = (
				EE00000000000000000000B9 /* PBXTargetDependency */,
			);
			fileSystemSynchronizedGroups = (
				EE86B0C1302758DE0093E936 /* Gita */,
			);
			name = Gita;
			packageProductDependencies = (
				EE00000000000000000000A2 /* GRDB */,
			);
			productName = Gita;
			productReference = EE86B0BF302758DE0093E936 /* Gita.app */;
			productType = "com.apple.product-type.application";
		};
		EE86B0CB302758DF0093E936 /* GitaTests */ = {
			isa = PBXNativeTarget;
			buildConfigurationList = EE86B0E3302758DF0093E936 /* Build configuration list for PBXNativeTarget "GitaTests" */;
			buildPhases = (
				EE86B0C8302758DF0093E936 /* Sources */,
				EE86B0C9302758DF0093E936 /* Frameworks */,
				EE86B0CA302758DF0093E936 /* Resources */,
			);
			buildRules = (
			);
			dependencies = (
				EE86B0CE302758DF0093E936 /* PBXTargetDependency */,
			);
			fileSystemSynchronizedGroups = (
				EE86B0CF302758DF0093E936 /* GitaTests */,
			);
			name = GitaTests;
			packageProductDependencies = (
			);
			productName = GitaTests;
			productReference = EE86B0CC302758DF0093E936 /* GitaTests.xctest */;
			productType = "com.apple.product-type.bundle.unit-test";
		};
		EE86B0D5302758DF0093E936 /* GitaUITests */ = {
			isa = PBXNativeTarget;
			buildConfigurationList = EE86B0E6302758DF0093E936 /* Build configuration list for PBXNativeTarget "GitaUITests" */;
			buildPhases = (
				EE86B0D2302758DF0093E936 /* Sources */,
				EE86B0D3302758DF0093E936 /* Frameworks */,
				EE86B0D4302758DF0093E936 /* Resources */,
			);
			buildRules = (
			);
			dependencies = (
				EE86B0D8302758DF0093E936 /* PBXTargetDependency */,
			);
			fileSystemSynchronizedGroups = (
				EE86B0D9302758DF0093E936 /* GitaUITests */,
			);
			name = GitaUITests;
			packageProductDependencies = (
			);
			productName = GitaUITests;
			productReference = EE86B0D6302758DF0093E936 /* GitaUITests.xctest */;
			productType = "com.apple.product-type.bundle.ui-testing";
		};
/* End PBXNativeTarget section */

/* Begin PBXProject section */
		EE86B0B7302758DE0093E936 /* Project object */ = {
			isa = PBXProject;
			attributes = {
				BuildIndependentTargetsInParallel = 1;
				LastSwiftUpdateCheck = 2660;
				LastUpgradeCheck = 2660;
				TargetAttributes = {
					EE86B0BE302758DE0093E936 = {
						CreatedOnToolsVersion = 26.6;
					};
					EE86B0CB302758DF0093E936 = {
						CreatedOnToolsVersion = 26.6;
						TestTargetID = EE86B0BE302758DE0093E936;
					};
					EE86B0D5302758DF0093E936 = {
						CreatedOnToolsVersion = 26.6;
						TestTargetID = EE86B0BE302758DE0093E936;
					};
				};
			};
			buildConfigurationList = EE86B0BA302758DE0093E936 /* Build configuration list for PBXProject "Gita" */;
			developmentRegion = en;
			hasScannedForEncodings = 0;
			knownRegions = (
				en,
				Base,
			);
			mainGroup = EE86B0B6302758DE0093E936;
			minimizedProjectReferenceProxies = 1;
			packageReferences = (
				EE00000000000000000000A1 /* XCRemoteSwiftPackageReference "GRDB" */,
			);
			preferredProjectObjectVersion = 77;
			productRefGroup = EE86B0C0302758DE0093E936 /* Products */;
			projectDirPath = "";
			projectRoot = "";
			targets = (
				EE86B0BE302758DE0093E936 /* Gita */,
				EE86B0CB302758DF0093E936 /* GitaTests */,
				EE86B0D5302758DF0093E936 /* GitaUITests */,
				EE00000000000000000000B1 /* GitaWidgetExtension */,
			);
		};
/* End PBXProject section */

/* Begin PBXResourcesBuildPhase section */
		EE00000000000000000000B6 /* Resources */ = {
			isa = PBXResourcesBuildPhase;
			buildActionMask = 2147483647;
			files = (
			);
			runOnlyForDeploymentPostprocessing = 0;
		};
		EE86B0BD302758DE0093E936 /* Resources */ = {
			isa = PBXResourcesBuildPhase;
			buildActionMask = 2147483647;
			files = (
			);
			runOnlyForDeploymentPostprocessing = 0;
		};
		EE86B0CA302758DF0093E936 /* Resources */ = {
			isa = PBXResourcesBuildPhase;
			buildActionMask = 2147483647;
			files = (
			);
			runOnlyForDeploymentPostprocessing = 0;
		};
		EE86B0D4302758DF0093E936 /* Resources */ = {
			isa = PBXResourcesBuildPhase;
			buildActionMask = 2147483647;
			files = (
			);
			runOnlyForDeploymentPostprocessing = 0;
		};
/* End PBXResourcesBuildPhase section */

/* Begin PBXSourcesBuildPhase section */
		EE00000000000000000000B4 /* Sources */ = {
			isa = PBXSourcesBuildPhase;
			buildActionMask = 2147483647;
			files = (
				EE00000000000000000000C3 /* DailyVerse.swift in Sources */,
				EE00000000000000000000C4 /* SharedVerses.swift in Sources */,
			);
			runOnlyForDeploymentPostprocessing = 0;
		};
		EE86B0BB302758DE0093E936 /* Sources */ = {
			isa = PBXSourcesBuildPhase;
			buildActionMask = 2147483647;
			files = (
			);
			runOnlyForDeploymentPostprocessing = 0;
		};
		EE86B0C8302758DF0093E936 /* Sources */ = {
			isa = PBXSourcesBuildPhase;
			buildActionMask = 2147483647;
			files = (
			);
			runOnlyForDeploymentPostprocessing = 0;
		};
		EE86B0D2302758DF0093E936 /* Sources */ = {
			isa = PBXSourcesBuildPhase;
			buildActionMask = 2147483647;
			files = (
			);
			runOnlyForDeploymentPostprocessing = 0;
		};
/* End PBXSourcesBuildPhase section */

/* Begin PBXTargetDependency section */
		EE00000000000000000000B9 /* PBXTargetDependency */ = {
			isa = PBXTargetDependency;
			target = EE00000000000000000000B1 /* GitaWidgetExtension */;
			targetProxy = EE00000000000000000000BA /* PBXContainerItemProxy */;
		};
		EE86B0CE302758DF0093E936 /* PBXTargetDependency */ = {
			isa = PBXTargetDependency;
			target = EE86B0BE302758DE0093E936 /* Gita */;
			targetProxy = EE86B0CD302758DF0093E936 /* PBXContainerItemProxy */;
		};
		EE86B0D8302758DF0093E936 /* PBXTargetDependency */ = {
			isa = PBXTargetDependency;
			target = EE86B0BE302758DE0093E936 /* Gita */;
			targetProxy = EE86B0D7302758DF0093E936 /* PBXContainerItemProxy */;
		};
/* End PBXTargetDependency section */

/* Begin XCBuildConfiguration section */
		EE00000000000000000000BC /* Debug */ = {
			isa = XCBuildConfiguration;
			buildSettings = {
				CODE_SIGN_ENTITLEMENTS = GitaWidget.entitlements;
				CODE_SIGN_STYLE = Automatic;
				CURRENT_PROJECT_VERSION = 1;
				DEVELOPMENT_TEAM = QG9SKD3898;
				GENERATE_INFOPLIST_FILE = YES;
				INFOPLIST_FILE = GitaWidget-Info.plist;
				INFOPLIST_KEY_CFBundleDisplayName = Gita;
				INFOPLIST_KEY_NSHumanReadableCopyright = "";
				IPHONEOS_DEPLOYMENT_TARGET = 17.0;
				LD_RUNPATH_SEARCH_PATHS = (
					"$(inherited)",
					"@executable_path/Frameworks",
					"@executable_path/../../Frameworks",
				);
				MARKETING_VERSION = 1.0;
				PRODUCT_BUNDLE_IDENTIFIER = com.varunpant.Gita.GitaWidget;
				PRODUCT_NAME = "$(TARGET_NAME)";
				SDKROOT = iphoneos;
				SKIP_INSTALL = YES;
				SWIFT_APPROACHABLE_CONCURRENCY = YES;
				SWIFT_DEFAULT_ACTOR_ISOLATION = MainActor;
				SWIFT_EMIT_LOC_STRINGS = YES;
				SWIFT_VERSION = 6.0;
				TARGETED_DEVICE_FAMILY = "1,2";
			};
			name = Debug;
		};
		EE00000000000000000000BD /* Release */ = {
			isa = XCBuildConfiguration;
			buildSettings = {
				CODE_SIGN_ENTITLEMENTS = GitaWidget.entitlements;
				CODE_SIGN_STYLE = Automatic;
				CURRENT_PROJECT_VERSION = 1;
				DEVELOPMENT_TEAM = QG9SKD3898;
				GENERATE_INFOPLIST_FILE = YES;
				INFOPLIST_FILE = GitaWidget-Info.plist;
				INFOPLIST_KEY_CFBundleDisplayName = Gita;
				INFOPLIST_KEY_NSHumanReadableCopyright = "";
				IPHONEOS_DEPLOYMENT_TARGET = 17.0;
				LD_RUNPATH_SEARCH_PATHS = (
					"$(inherited)",
					"@executable_path/Frameworks",
					"@executable_path/../../Frameworks",
				);
				MARKETING_VERSION = 1.0;
				PRODUCT_BUNDLE_IDENTIFIER = com.varunpant.Gita.GitaWidget;
				PRODUCT_NAME = "$(TARGET_NAME)";
				SDKROOT = iphoneos;
				SKIP_INSTALL = YES;
				SWIFT_APPROACHABLE_CONCURRENCY = YES;
				SWIFT_DEFAULT_ACTOR_ISOLATION = MainActor;
				SWIFT_EMIT_LOC_STRINGS = YES;
				SWIFT_VERSION = 6.0;
				TARGETED_DEVICE_FAMILY = "1,2";
			};
			name = Release;
		};
		EE86B0DE302758DF0093E936 /* Debug */ = {
			isa = XCBuildConfiguration;
			buildSettings = {
				ALWAYS_SEARCH_USER_PATHS = NO;
				ASSETCATALOG_COMPILER_GENERATE_SWIFT_ASSET_SYMBOL_EXTENSIONS = YES;
				CLANG_ANALYZER_NONNULL = YES;
				CLANG_ANALYZER_NUMBER_OBJECT_CONVERSION = YES_AGGRESSIVE;
				CLANG_CXX_LANGUAGE_STANDARD = "gnu++20";
				CLANG_ENABLE_MODULES = YES;
				CLANG_ENABLE_OBJC_ARC = YES;
				CLANG_ENABLE_OBJC_WEAK = YES;
				CLANG_WARN_BLOCK_CAPTURE_AUTORELEASING = YES;
				CLANG_WARN_BOOL_CONVERSION = YES;
				CLANG_WARN_COMMA = YES;
				CLANG_WARN_CONSTANT_CONVERSION = YES;
				CLANG_WARN_DEPRECATED_OBJC_IMPLEMENTATIONS = YES;
				CLANG_WARN_DIRECT_OBJC_ISA_USAGE = YES_ERROR;
				CLANG_WARN_DOCUMENTATION_COMMENTS = YES;
				CLANG_WARN_EMPTY_BODY = YES;
				CLANG_WARN_ENUM_CONVERSION = YES;
				CLANG_WARN_INFINITE_RECURSION = YES;
				CLANG_WARN_INT_CONVERSION = YES;
				CLANG_WARN_NON_LITERAL_NULL_CONVERSION = YES;
				CLANG_WARN_OBJC_IMPLICIT_RETAIN_SELF = YES;
				CLANG_WARN_OBJC_LITERAL_CONVERSION = YES;
				CLANG_WARN_OBJC_ROOT_CLASS = YES_ERROR;
				CLANG_WARN_QUOTED_INCLUDE_IN_FRAMEWORK_HEADER = YES;
				CLANG_WARN_RANGE_LOOP_ANALYSIS = YES;
				CLANG_WARN_STRICT_PROTOTYPES = YES;
				CLANG_WARN_SUSPICIOUS_MOVE = YES;
				CLANG_WARN_UNGUARDED_AVAILABILITY = YES_AGGRESSIVE;
				CLANG_WARN_UNREACHABLE_CODE = YES;
				CLANG_WARN__DUPLICATE_METHOD_MATCH = YES;
				COPY_PHASE_STRIP = NO;
				DEBUG_INFORMATION_FORMAT = dwarf;
				DEVELOPMENT_TEAM = QG9SKD3898;
				ENABLE_STRICT_OBJC_MSGSEND = YES;
				ENABLE_TESTABILITY = YES;
				ENABLE_USER_SCRIPT_SANDBOXING = YES;
				GCC_C_LANGUAGE_STANDARD = gnu17;
				GCC_DYNAMIC_NO_PIC = NO;
				GCC_NO_COMMON_BLOCKS = YES;
				GCC_OPTIMIZATION_LEVEL = 0;
				GCC_PREPROCESSOR_DEFINITIONS = (
					"DEBUG=1",
					"$(inherited)",
				);
				GCC_WARN_64_TO_32_BIT_CONVERSION = YES;
				GCC_WARN_ABOUT_RETURN_TYPE = YES_ERROR;
				GCC_WARN_UNDECLARED_SELECTOR = YES;
				GCC_WARN_UNINITIALIZED_AUTOS = YES_AGGRESSIVE;
				GCC_WARN_UNUSED_FUNCTION = YES;
				GCC_WARN_UNUSED_VARIABLE = YES;
				IPHONEOS_DEPLOYMENT_TARGET = 17.0;
				LOCALIZATION_PREFERS_STRING_CATALOGS = YES;
				MACOSX_DEPLOYMENT_TARGET = 14.0;
				MTL_ENABLE_DEBUG_INFO = INCLUDE_SOURCE;
				MTL_FAST_MATH = YES;
				ONLY_ACTIVE_ARCH = YES;
				SDKROOT = iphoneos;
				SWIFT_ACTIVE_COMPILATION_CONDITIONS = "DEBUG $(inherited)";
				SWIFT_OPTIMIZATION_LEVEL = "-Onone";
			};
			name = Debug;
		};
		EE86B0DF302758DF0093E936 /* Release */ = {
			isa = XCBuildConfiguration;
			buildSettings = {
				ALWAYS_SEARCH_USER_PATHS = NO;
				ASSETCATALOG_COMPILER_GENERATE_SWIFT_ASSET_SYMBOL_EXTENSIONS = YES;
				CLANG_ANALYZER_NONNULL = YES;
				CLANG_ANALYZER_NUMBER_OBJECT_CONVERSION = YES_AGGRESSIVE;
				CLANG_CXX_LANGUAGE_STANDARD = "gnu++20";
				CLANG_ENABLE_MODULES = YES;
				CLANG_ENABLE_OBJC_ARC = YES;
				CLANG_ENABLE_OBJC_WEAK = YES;
				CLANG_WARN_BLOCK_CAPTURE_AUTORELEASING = YES;
				CLANG_WARN_BOOL_CONVERSION = YES;
				CLANG_WARN_COMMA = YES;
				CLANG_WARN_CONSTANT_CONVERSION = YES;
				CLANG_WARN_DEPRECATED_OBJC_IMPLEMENTATIONS = YES;
				CLANG_WARN_DIRECT_OBJC_ISA_USAGE = YES_ERROR;
				CLANG_WARN_DOCUMENTATION_COMMENTS = YES;
				CLANG_WARN_EMPTY_BODY = YES;
				CLANG_WARN_ENUM_CONVERSION = YES;
				CLANG_WARN_INFINITE_RECURSION = YES;
				CLANG_WARN_INT_CONVERSION = YES;
				CLANG_WARN_NON_LITERAL_NULL_CONVERSION = YES;
				CLANG_WARN_OBJC_IMPLICIT_RETAIN_SELF = YES;
				CLANG_WARN_OBJC_LITERAL_CONVERSION = YES;
				CLANG_WARN_OBJC_ROOT_CLASS = YES_ERROR;
				CLANG_WARN_QUOTED_INCLUDE_IN_FRAMEWORK_HEADER = YES;
				CLANG_WARN_RANGE_LOOP_ANALYSIS = YES;
				CLANG_WARN_STRICT_PROTOTYPES = YES;
				CLANG_WARN_SUSPICIOUS_MOVE = YES;
				CLANG_WARN_UNGUARDED_AVAILABILITY = YES_AGGRESSIVE;
				CLANG_WARN_UNREACHABLE_CODE = YES;
				CLANG_WARN__DUPLICATE_METHOD_MATCH = YES;
				COPY_PHASE_STRIP = NO;
				DEBUG_INFORMATION_FORMAT = "dwarf-with-dsym";
				DEVELOPMENT_TEAM = QG9SKD3898;
				ENABLE_NS_ASSERTIONS = NO;
				ENABLE_STRICT_OBJC_MSGSEND = YES;
				ENABLE_USER_SCRIPT_SANDBOXING = YES;
				GCC_C_LANGUAGE_STANDARD = gnu17;
				GCC_NO_COMMON_BLOCKS = YES;
				GCC_WARN_64_TO_32_BIT_CONVERSION = YES;
				GCC_WARN_ABOUT_RETURN_TYPE = YES_ERROR;
				GCC_WARN_UNDECLARED_SELECTOR = YES;
				GCC_WARN_UNINITIALIZED_AUTOS = YES_AGGRESSIVE;
				GCC_WARN_UNUSED_FUNCTION = YES;
				GCC_WARN_UNUSED_VARIABLE = YES;
				IPHONEOS_DEPLOYMENT_TARGET = 17.0;
				LOCALIZATION_PREFERS_STRING_CATALOGS = YES;
				MACOSX_DEPLOYMENT_TARGET = 14.0;
				MTL_ENABLE_DEBUG_INFO = NO;
				MTL_FAST_MATH = YES;
				SDKROOT = iphoneos;
				SWIFT_COMPILATION_MODE = wholemodule;
				VALIDATE_PRODUCT = YES;
			};
			name = Release;
		};
		EE86B0E1302758DF0093E936 /* Debug */ = {
			isa = XCBuildConfiguration;
			buildSettings = {
				ASSETCATALOG_COMPILER_APPICON_NAME = AppIcon;
				ASSETCATALOG_COMPILER_GLOBAL_ACCENT_COLOR_NAME = AccentColor;
				CODE_SIGN_ENTITLEMENTS = Gita.entitlements;
				CODE_SIGN_STYLE = Automatic;
				CURRENT_PROJECT_VERSION = 1;
				DEVELOPMENT_TEAM = QG9SKD3898;
				ENABLE_APP_SANDBOX = YES;
				ENABLE_HARDENED_RUNTIME = YES;
				ENABLE_PREVIEWS = YES;
				GENERATE_INFOPLIST_FILE = YES;
				INFOPLIST_KEY_UIApplicationSceneManifest_Generation = YES;
				INFOPLIST_KEY_UIApplicationSupportsIndirectInputEvents = YES;
				INFOPLIST_KEY_UILaunchScreen_Generation = YES;
				INFOPLIST_KEY_UISupportedInterfaceOrientations_iPad = "UIInterfaceOrientationPortrait UIInterfaceOrientationPortraitUpsideDown UIInterfaceOrientationLandscapeLeft UIInterfaceOrientationLandscapeRight";
				INFOPLIST_KEY_UISupportedInterfaceOrientations_iPhone = "UIInterfaceOrientationPortrait UIInterfaceOrientationLandscapeLeft UIInterfaceOrientationLandscapeRight";
				LD_RUNPATH_SEARCH_PATHS = (
					"$(inherited)",
					"@executable_path/Frameworks",
				);
				"LD_RUNPATH_SEARCH_PATHS[sdk=macosx*]" = (
					"$(inherited)",
					"@executable_path/../Frameworks",
				);
				MARKETING_VERSION = 1.0;
				INFOPLIST_FILE = Gita-Info.plist;
				PRODUCT_BUNDLE_IDENTIFIER = com.varunpant.Gita;
				PRODUCT_NAME = "$(TARGET_NAME)";
				SDKROOT = auto;
				STRING_CATALOG_GENERATE_SYMBOLS = YES;
				SUPPORTED_PLATFORMS = "iphoneos iphonesimulator macosx";
				SUPPORTS_MACCATALYST = NO;
				SUPPORTS_MAC_DESIGNED_FOR_IPHONE_IPAD = NO;
				SWIFT_APPROACHABLE_CONCURRENCY = YES;
				SWIFT_DEFAULT_ACTOR_ISOLATION = MainActor;
				SWIFT_EMIT_LOC_STRINGS = YES;
				SWIFT_UPCOMING_FEATURE_MEMBER_IMPORT_VISIBILITY = YES;
				SWIFT_VERSION = 6.0;
				TARGETED_DEVICE_FAMILY = "1,2";
			};
			name = Debug;
		};
		EE86B0E2302758DF0093E936 /* Release */ = {
			isa = XCBuildConfiguration;
			buildSettings = {
				ASSETCATALOG_COMPILER_APPICON_NAME = AppIcon;
				ASSETCATALOG_COMPILER_GLOBAL_ACCENT_COLOR_NAME = AccentColor;
				CODE_SIGN_ENTITLEMENTS = Gita.entitlements;
				CODE_SIGN_STYLE = Automatic;
				CURRENT_PROJECT_VERSION = 1;
				DEVELOPMENT_TEAM = QG9SKD3898;
				ENABLE_APP_SANDBOX = YES;
				ENABLE_HARDENED_RUNTIME = YES;
				ENABLE_PREVIEWS = YES;
				GENERATE_INFOPLIST_FILE = YES;
				INFOPLIST_KEY_UIApplicationSceneManifest_Generation = YES;
				INFOPLIST_KEY_UIApplicationSupportsIndirectInputEvents = YES;
				INFOPLIST_KEY_UILaunchScreen_Generation = YES;
				INFOPLIST_KEY_UISupportedInterfaceOrientations_iPad = "UIInterfaceOrientationPortrait UIInterfaceOrientationPortraitUpsideDown UIInterfaceOrientationLandscapeLeft UIInterfaceOrientationLandscapeRight";
				INFOPLIST_KEY_UISupportedInterfaceOrientations_iPhone = "UIInterfaceOrientationPortrait UIInterfaceOrientationLandscapeLeft UIInterfaceOrientationLandscapeRight";
				LD_RUNPATH_SEARCH_PATHS = (
					"$(inherited)",
					"@executable_path/Frameworks",
				);
				"LD_RUNPATH_SEARCH_PATHS[sdk=macosx*]" = (
					"$(inherited)",
					"@executable_path/../Frameworks",
				);
				MARKETING_VERSION = 1.0;
				INFOPLIST_FILE = Gita-Info.plist;
				PRODUCT_BUNDLE_IDENTIFIER = com.varunpant.Gita;
				PRODUCT_NAME = "$(TARGET_NAME)";
				SDKROOT = auto;
				STRING_CATALOG_GENERATE_SYMBOLS = YES;
				SUPPORTED_PLATFORMS = "iphoneos iphonesimulator macosx";
				SUPPORTS_MACCATALYST = NO;
				SUPPORTS_MAC_DESIGNED_FOR_IPHONE_IPAD = NO;
				SWIFT_APPROACHABLE_CONCURRENCY = YES;
				SWIFT_DEFAULT_ACTOR_ISOLATION = MainActor;
				SWIFT_EMIT_LOC_STRINGS = YES;
				SWIFT_UPCOMING_FEATURE_MEMBER_IMPORT_VISIBILITY = YES;
				SWIFT_VERSION = 6.0;
				TARGETED_DEVICE_FAMILY = "1,2";
			};
			name = Release;
		};
		EE86B0E4302758DF0093E936 /* Debug */ = {
			isa = XCBuildConfiguration;
			buildSettings = {
				BUNDLE_LOADER = "$(TEST_HOST)";
				CODE_SIGN_STYLE = Automatic;
				CURRENT_PROJECT_VERSION = 1;
				DEVELOPMENT_TEAM = QG9SKD3898;
				GENERATE_INFOPLIST_FILE = YES;
				IPHONEOS_DEPLOYMENT_TARGET = 17.0;
				MARKETING_VERSION = 1.0;
				PRODUCT_BUNDLE_IDENTIFIER = com.varunpant.GitaTests;
				PRODUCT_NAME = "$(TARGET_NAME)";
				SDKROOT = auto;
				STRING_CATALOG_GENERATE_SYMBOLS = NO;
				SUPPORTED_PLATFORMS = "iphoneos iphonesimulator macosx";
				SUPPORTS_MACCATALYST = NO;
				SUPPORTS_MAC_DESIGNED_FOR_IPHONE_IPAD = NO;
				SWIFT_APPROACHABLE_CONCURRENCY = YES;
				SWIFT_EMIT_LOC_STRINGS = NO;
				SWIFT_UPCOMING_FEATURE_MEMBER_IMPORT_VISIBILITY = YES;
				SWIFT_VERSION = 6.0;
				TARGETED_DEVICE_FAMILY = "1,2";
				TEST_HOST = "$(BUILT_PRODUCTS_DIR)/Gita.app/$(BUNDLE_EXECUTABLE_FOLDER_PATH)/Gita";
			};
			name = Debug;
		};
		EE86B0E5302758DF0093E936 /* Release */ = {
			isa = XCBuildConfiguration;
			buildSettings = {
				BUNDLE_LOADER = "$(TEST_HOST)";
				CODE_SIGN_STYLE = Automatic;
				CURRENT_PROJECT_VERSION = 1;
				DEVELOPMENT_TEAM = QG9SKD3898;
				GENERATE_INFOPLIST_FILE = YES;
				IPHONEOS_DEPLOYMENT_TARGET = 17.0;
				MARKETING_VERSION = 1.0;
				PRODUCT_BUNDLE_IDENTIFIER = com.varunpant.GitaTests;
				PRODUCT_NAME = "$(TARGET_NAME)";
				SDKROOT = auto;
				STRING_CATALOG_GENERATE_SYMBOLS = NO;
				SUPPORTED_PLATFORMS = "iphoneos iphonesimulator macosx";
				SUPPORTS_MACCATALYST = NO;
				SUPPORTS_MAC_DESIGNED_FOR_IPHONE_IPAD = NO;
				SWIFT_APPROACHABLE_CONCURRENCY = YES;
				SWIFT_EMIT_LOC_STRINGS = NO;
				SWIFT_UPCOMING_FEATURE_MEMBER_IMPORT_VISIBILITY = YES;
				SWIFT_VERSION = 6.0;
				TARGETED_DEVICE_FAMILY = "1,2";
				TEST_HOST = "$(BUILT_PRODUCTS_DIR)/Gita.app/$(BUNDLE_EXECUTABLE_FOLDER_PATH)/Gita";
			};
			name = Release;
		};
		EE86B0E7302758DF0093E936 /* Debug */ = {
			isa = XCBuildConfiguration;
			buildSettings = {
				CODE_SIGN_STYLE = Automatic;
				CURRENT_PROJECT_VERSION = 1;
				DEVELOPMENT_TEAM = QG9SKD3898;
				GENERATE_INFOPLIST_FILE = YES;
				MARKETING_VERSION = 1.0;
				PRODUCT_BUNDLE_IDENTIFIER = com.varunpant.GitaUITests;
				PRODUCT_NAME = "$(TARGET_NAME)";
				SDKROOT = auto;
				STRING_CATALOG_GENERATE_SYMBOLS = NO;
				SUPPORTED_PLATFORMS = "iphoneos iphonesimulator macosx";
				SUPPORTS_MACCATALYST = NO;
				SUPPORTS_MAC_DESIGNED_FOR_IPHONE_IPAD = NO;
				SWIFT_APPROACHABLE_CONCURRENCY = YES;
				SWIFT_EMIT_LOC_STRINGS = NO;
				SWIFT_UPCOMING_FEATURE_MEMBER_IMPORT_VISIBILITY = YES;
				SWIFT_VERSION = 6.0;
				TARGETED_DEVICE_FAMILY = "1,2";
				TEST_TARGET_NAME = Gita;
			};
			name = Debug;
		};
		EE86B0E8302758DF0093E936 /* Release */ = {
			isa = XCBuildConfiguration;
			buildSettings = {
				CODE_SIGN_STYLE = Automatic;
				CURRENT_PROJECT_VERSION = 1;
				DEVELOPMENT_TEAM = QG9SKD3898;
				GENERATE_INFOPLIST_FILE = YES;
				MARKETING_VERSION = 1.0;
				PRODUCT_BUNDLE_IDENTIFIER = com.varunpant.GitaUITests;
				PRODUCT_NAME = "$(TARGET_NAME)";
				SDKROOT = auto;
				STRING_CATALOG_GENERATE_SYMBOLS = NO;
				SUPPORTED_PLATFORMS = "iphoneos iphonesimulator macosx";
				SUPPORTS_MACCATALYST = NO;
				SUPPORTS_MAC_DESIGNED_FOR_IPHONE_IPAD = NO;
				SWIFT_APPROACHABLE_CONCURRENCY = YES;
				SWIFT_EMIT_LOC_STRINGS = NO;
				SWIFT_UPCOMING_FEATURE_MEMBER_IMPORT_VISIBILITY = YES;
				SWIFT_VERSION = 6.0;
				TARGETED_DEVICE_FAMILY = "1,2";
				TEST_TARGET_NAME = Gita;
			};
			name = Release;
		};
/* End XCBuildConfiguration section */

/* Begin XCConfigurationList section */
		EE00000000000000000000BB /* Build configuration list for PBXNativeTarget "GitaWidgetExtension" */ = {
			isa = XCConfigurationList;
			buildConfigurations = (
				EE00000000000000000000BC /* Debug */,
				EE00000000000000000000BD /* Release */,
			);
			defaultConfigurationIsVisible = 0;
			defaultConfigurationName = Release;
		};
		EE86B0BA302758DE0093E936 /* Build configuration list for PBXProject "Gita" */ = {
			isa = XCConfigurationList;
			buildConfigurations = (
				EE86B0DE302758DF0093E936 /* Debug */,
				EE86B0DF302758DF0093E936 /* Release */,
			);
			defaultConfigurationIsVisible = 0;
			defaultConfigurationName = Release;
		};
		EE86B0E0302758DF0093E936 /* Build configuration list for PBXNativeTarget "Gita" */ = {
			isa = XCConfigurationList;
			buildConfigurations = (
				EE86B0E1302758DF0093E936 /* Debug */,
				EE86B0E2302758DF0093E936 /* Release */,
			);
			defaultConfigurationIsVisible = 0;
			defaultConfigurationName = Release;
		};
		EE86B0E3302758DF0093E936 /* Build configuration list for PBXNativeTarget "GitaTests" */ = {
			isa = XCConfigurationList;
			buildConfigurations = (
				EE86B0E4302758DF0093E936 /* Debug */,
				EE86B0E5302758DF0093E936 /* Release */,
			);
			defaultConfigurationIsVisible = 0;
			defaultConfigurationName = Release;
		};
		EE86B0E6302758DF0093E936 /* Build configuration list for PBXNativeTarget "GitaUITests" */ = {
			isa = XCConfigurationList;
			buildConfigurations = (
				EE86B0E7302758DF0093E936 /* Debug */,
				EE86B0E8302758DF0093E936 /* Release */,
			);
			defaultConfigurationIsVisible = 0;
			defaultConfigurationName = Release;
		};
/* End XCConfigurationList section */

/* Begin XCRemoteSwiftPackageReference section */
		EE00000000000000000000A1 /* XCRemoteSwiftPackageReference "GRDB" */ = {
			isa = XCRemoteSwiftPackageReference;
			repositoryURL = "https://github.com/groue/GRDB.swift";
			requirement = {
				kind = upToNextMajorVersion;
				minimumVersion = 7.11.1;
			};
		};
/* End XCRemoteSwiftPackageReference section */

/* Begin XCSwiftPackageProductDependency section */
		EE00000000000000000000A2 /* GRDB */ = {
			isa = XCSwiftPackageProductDependency;
			package = EE00000000000000000000A1 /* XCRemoteSwiftPackageReference "GRDB" */;
			productName = GRDB;
		};
/* End XCSwiftPackageProductDependency section */
	};
	rootObject = EE86B0B7302758DE0093E936 /* Project object */;
}
